{
  "installed": [
    "init"
  ],
  "rules": [
    {
      "key": "init",
      "sourceType": "local-abs",
      "reference": "/Users/fireharp/Prog/Stuff/cursor-rules/go-claude/test-rules/.cursor/rules/init.mdc",
      "localFiles": [
        "init.mdc"
      ],
      "contentSHA256": "9a7a3d29a39bd7d619d07388004c71e42e1b0992547f45697e4e9bd3bd417948"
    }
  ]
}