{
  "installed": [
    "fireharp/go-temporal/envs"
  ],
  "rules": [
    {
      "key": "fireharp/go-temporal/envs",
      "sourceType": "github-file",
      "reference": "https://github.com/fireharp/cursor-rules-collection/blob/main/go-temporal/envs.mdc",
      "gitRef": "branch=main",
      "localFiles": [
        "/Users/fireharp/Prog/Stuff/cursor-rules/go-claude/test-rules3/.cursor/rules/fireharp/go-temporal/envs.mdc"
      ],
      "resolvedCommit": "0a0da7a863a6c4dcbcffa500ebf8fcd7f45c1f94",
      "contentSHA256": "132405ed98484e2fdc5afe0145c169e1ced5cc8b732703cc2b81666264a28790"
    }
  ]
}